
Microsoft Visual Studio Solution File, Format Version 12.00
# Visual Studio Version 17
VisualStudioVersion = 17.4.33205.214
MinimumVisualStudioVersion = 10.0.40219.1
Project("{9A19103F-16F7-4668-BE54-9A1E7A4F7556}") = "Jynx.Api", "Jynx.Api\Jynx.Api.csproj", "{72E0790D-B5F6-4825-ACFB-344655C34100}"
EndProject
Project("{9A19103F-16F7-4668-BE54-9A1E7A4F7556}") = "Jynx.Common", "Jynx.Common\Jynx.Common.csproj", "{31447733-4629-4A1B-8013-6AEDD5DC6B6F}"
EndProject
Project("{9A19103F-16F7-4668-BE54-9A1E7A4F7556}") = "Jynx.Cli", "Jynx.Cli\Jynx.Cli.csproj", "{7B984B93-C0F4-4085-8DCD-C7AB11613E3F}"
EndProject
Global
	GlobalSection(SolutionConfigurationPlatforms) = preSolution
		Debug|Any CPU = Debug|Any CPU
		Release|Any CPU = Release|Any CPU
	EndGlobalSection
	GlobalSection(ProjectConfigurationPlatforms) = postSolution
		{72E0790D-B5F6-4825-ACFB-344655C34100}.Debug|Any CPU.ActiveCfg = Debug|Any CPU
		{72E0790D-B5F6-4825-ACFB-344655C34100}.Debug|Any CPU.Build.0 = Debug|Any CPU
		{72E0790D-B5F6-4825-ACFB-344655C34100}.Release|Any CPU.ActiveCfg = Release|Any CPU
		{72E0790D-B5F6-4825-ACFB-344655C34100}.Release|Any CPU.Build.0 = Release|Any CPU
		{31447733-4629-4A1B-8013-6AEDD5DC6B6F}.Debug|Any CPU.ActiveCfg = Debug|Any CPU
		{31447733-4629-4A1B-8013-6AEDD5DC6B6F}.Debug|Any CPU.Build.0 = Debug|Any CPU
		{31447733-4629-4A1B-8013-6AEDD5DC6B6F}.Release|Any CPU.ActiveCfg = Release|Any CPU
		{31447733-4629-4A1B-8013-6AEDD5DC6B6F}.Release|Any CPU.Build.0 = Release|Any CPU
		{7B984B93-C0F4-4085-8DCD-C7AB11613E3F}.Debug|Any CPU.ActiveCfg = Debug|Any CPU
		{7B984B93-C0F4-4085-8DCD-C7AB11613E3F}.Debug|Any CPU.Build.0 = Debug|Any CPU
		{7B984B93-C0F4-4085-8DCD-C7AB11613E3F}.Release|Any CPU.ActiveCfg = Release|Any CPU
		{7B984B93-C0F4-4085-8DCD-C7AB11613E3F}.Release|Any CPU.Build.0 = Release|Any CPU
	EndGlobalSection
	GlobalSection(SolutionProperties) = preSolution
		HideSolutionNode = FALSE
	EndGlobalSection
	GlobalSection(ExtensibilityGlobals) = postSolution
		SolutionGuid = {E18CFE3B-1957-4E86-BE08-18E4391FE28B}
	EndGlobalSection
EndGlobal
